
Microsoft Visual Studio Solution File, Format Version 12.00
# Visual Studio Version 16
VisualStudioVersion = 16.0.30204.135
MinimumVisualStudioVersion = 10.0.40219.1
Project("{FAE04EC0-301F-11D3-BF4B-00C04F79EFBC}") = "DictonaryXML.Domain", "DictonaryXML.Domain\DictonaryXML.Domain.csproj", "{6EE672F0-E632-4962-97EC-DCC77CB8BAA4}"
EndProject
Project("{FAE04EC0-301F-11D3-BF4B-00C04F79EFBC}") = "DictonaryXML.UI", "DictonaryXML.UI\DictonaryXML.UI.csproj", "{183C55CA-0BE1-43D1-87ED-50AF5A10C745}"
EndProject
Global
	GlobalSection(SolutionConfigurationPlatforms) = preSolution
		Debug|Any CPU = Debug|Any CPU
		Release|Any CPU = Release|Any CPU
	EndGlobalSection
	GlobalSection(ProjectConfigurationPlatforms) = postSolution
		{6EE672F0-E632-4962-97EC-DCC77CB8BAA4}.Debug|Any CPU.ActiveCfg = Debug|Any CPU
		{6EE672F0-E632-4962-97EC-DCC77CB8BAA4}.Debug|Any CPU.Build.0 = Debug|Any CPU
		{6EE672F0-E632-4962-97EC-DCC77CB8BAA4}.Release|Any CPU.ActiveCfg = Release|Any CPU
		{6EE672F0-E632-4962-97EC-DCC77CB8BAA4}.Release|Any CPU.Build.0 = Release|Any CPU
		{183C55CA-0BE1-43D1-87ED-50AF5A10C745}.Debug|Any CPU.ActiveCfg = Debug|Any CPU
		{183C55CA-0BE1-43D1-87ED-50AF5A10C745}.Debug|Any CPU.Build.0 = Debug|Any CPU
		{183C55CA-0BE1-43D1-87ED-50AF5A10C745}.Release|Any CPU.ActiveCfg = Release|Any CPU
		{183C55CA-0BE1-43D1-87ED-50AF5A10C745}.Release|Any CPU.Build.0 = Release|Any CPU
	EndGlobalSection
	GlobalSection(SolutionProperties) = preSolution
		HideSolutionNode = FALSE
	EndGlobalSection
	GlobalSection(ExtensibilityGlobals) = postSolution
		SolutionGuid = {55AAC685-0246-4E8F-9092-A8E30B176A70}
	EndGlobalSection
EndGlobal
